
Microsoft Visual Studio Solution File, Format Version 12.00
Project("{FAE04EC0-301F-11D3-BF4B-00C04F79EFBC}") = "HelloWorld", "hello-world\HelloWorld.csproj", "{78A60B32-861E-4CF9-B068-150B17E34EA8}"
EndProject
Project("{FAE04EC0-301F-11D3-BF4B-00C04F79EFBC}") = "BirdWatcher", "bird-watcher\BirdWatcher.csproj", "{88D84A56-25A8-4CFB-AEAC-3F585E440F30}"
EndProject
Project("{FAE04EC0-301F-11D3-BF4B-00C04F79EFBC}") = "LuciansLusciousLasagna", "lucians-luscious-lasagna\LuciansLusciousLasagna.csproj", "{9D2B0262-4BC3-4E28-8E6B-02FEC0DC320E}"
EndProject
Project("{FAE04EC0-301F-11D3-BF4B-00C04F79EFBC}") = "AnnalynsInfiltration", "annalyns-infiltration\AnnalynsInfiltration.csproj", "{ABA2C875-07ED-4AAF-8D74-8B43B2702666}"
EndProject
Project("{FAE04EC0-301F-11D3-BF4B-00C04F79EFBC}") = "SecureMunchesterUnited", "secure-munchester-united\SecureMunchesterUnited.csproj", "{5134D418-DFEC-4008-ACB0-C6A24A4A6B0F}"
EndProject
Global
	GlobalSection(SolutionConfigurationPlatforms) = preSolution
		Debug|Any CPU = Debug|Any CPU
		Release|Any CPU = Release|Any CPU
	EndGlobalSection
	GlobalSection(ProjectConfigurationPlatforms) = postSolution
		{78A60B32-861E-4CF9-B068-150B17E34EA8}.Debug|Any CPU.ActiveCfg = Debug|Any CPU
		{78A60B32-861E-4CF9-B068-150B17E34EA8}.Debug|Any CPU.Build.0 = Debug|Any CPU
		{78A60B32-861E-4CF9-B068-150B17E34EA8}.Release|Any CPU.ActiveCfg = Release|Any CPU
		{78A60B32-861E-4CF9-B068-150B17E34EA8}.Release|Any CPU.Build.0 = Release|Any CPU
		{88D84A56-25A8-4CFB-AEAC-3F585E440F30}.Debug|Any CPU.ActiveCfg = Debug|Any CPU
		{88D84A56-25A8-4CFB-AEAC-3F585E440F30}.Debug|Any CPU.Build.0 = Debug|Any CPU
		{88D84A56-25A8-4CFB-AEAC-3F585E440F30}.Release|Any CPU.ActiveCfg = Release|Any CPU
		{88D84A56-25A8-4CFB-AEAC-3F585E440F30}.Release|Any CPU.Build.0 = Release|Any CPU
		{9D2B0262-4BC3-4E28-8E6B-02FEC0DC320E}.Debug|Any CPU.ActiveCfg = Debug|Any CPU
		{9D2B0262-4BC3-4E28-8E6B-02FEC0DC320E}.Debug|Any CPU.Build.0 = Debug|Any CPU
		{9D2B0262-4BC3-4E28-8E6B-02FEC0DC320E}.Release|Any CPU.ActiveCfg = Release|Any CPU
		{9D2B0262-4BC3-4E28-8E6B-02FEC0DC320E}.Release|Any CPU.Build.0 = Release|Any CPU
		{ABA2C875-07ED-4AAF-8D74-8B43B2702666}.Debug|Any CPU.ActiveCfg = Debug|Any CPU
		{ABA2C875-07ED-4AAF-8D74-8B43B2702666}.Debug|Any CPU.Build.0 = Debug|Any CPU
		{ABA2C875-07ED-4AAF-8D74-8B43B2702666}.Release|Any CPU.ActiveCfg = Release|Any CPU
		{ABA2C875-07ED-4AAF-8D74-8B43B2702666}.Release|Any CPU.Build.0 = Release|Any CPU
		{5134D418-DFEC-4008-ACB0-C6A24A4A6B0F}.Debug|Any CPU.ActiveCfg = Debug|Any CPU
		{5134D418-DFEC-4008-ACB0-C6A24A4A6B0F}.Debug|Any CPU.Build.0 = Debug|Any CPU
		{5134D418-DFEC-4008-ACB0-C6A24A4A6B0F}.Release|Any CPU.ActiveCfg = Release|Any CPU
		{5134D418-DFEC-4008-ACB0-C6A24A4A6B0F}.Release|Any CPU.Build.0 = Release|Any CPU
	EndGlobalSection
EndGlobal
